
Microsoft Visual Studio Solution File, Format Version 12.00
# Visual Studio Version 16
VisualStudioVersion = 16.0.31321.278
MinimumVisualStudioVersion = 10.0.40219.1
Project("{FAE04EC0-301F-11D3-BF4B-00C04F79EFBC}") = "wpfCalculator", "wpfCalculator.csproj", "{89CA12B6-3D6C-422E-A6B1-1DAD50A0A078}"
EndProject
Global
	GlobalSection(SolutionConfigurationPlatforms) = preSolution
		Debug|Any CPU = Debug|Any CPU
		Release|Any CPU = Release|Any CPU
	EndGlobalSection
	GlobalSection(ProjectConfigurationPlatforms) = postSolution
		{89CA12B6-3D6C-422E-A6B1-1DAD50A0A078}.Debug|Any CPU.ActiveCfg = Debug|Any CPU
		{89CA12B6-3D6C-422E-A6B1-1DAD50A0A078}.Debug|Any CPU.Build.0 = Debug|Any CPU
		{89CA12B6-3D6C-422E-A6B1-1DAD50A0A078}.Release|Any CPU.ActiveCfg = Release|Any CPU
		{89CA12B6-3D6C-422E-A6B1-1DAD50A0A078}.Release|Any CPU.Build.0 = Release|Any CPU
	EndGlobalSection
	GlobalSection(SolutionProperties) = preSolution
		HideSolutionNode = FALSE
	EndGlobalSection
	GlobalSection(ExtensibilityGlobals) = postSolution
		SolutionGuid = {D7D9BD26-72D1-443E-B003-12E76B7858C5}
	EndGlobalSection
EndGlobal
