
Microsoft Visual Studio Solution File, Format Version 12.00
# Visual Studio Version 16
VisualStudioVersion = 16.0.31321.278
MinimumVisualStudioVersion = 10.0.40219.1
Project("{FAE04EC0-301F-11D3-BF4B-00C04F79EFBC}") = "WeatherApp_WPFCourse", "WeatherApp_WPFCourse.csproj", "{ABB9E684-5967-484A-AE14-E6797DA1B05F}"
EndProject
Project("{2150E333-8FDC-42A3-9474-1A3956D46DE8}") = "Solution Items", "Solution Items", "{2858BCE9-8475-49C0-A158-5A326D923086}"
	ProjectSection(SolutionItems) = preProject
		.editorconfig = .editorconfig
	EndProjectSection
EndProject
Global
	GlobalSection(SolutionConfigurationPlatforms) = preSolution
		Debug|Any CPU = Debug|Any CPU
		Release|Any CPU = Release|Any CPU
	EndGlobalSection
	GlobalSection(ProjectConfigurationPlatforms) = postSolution
		{ABB9E684-5967-484A-AE14-E6797DA1B05F}.Debug|Any CPU.ActiveCfg = Debug|Any CPU
		{ABB9E684-5967-484A-AE14-E6797DA1B05F}.Debug|Any CPU.Build.0 = Debug|Any CPU
		{ABB9E684-5967-484A-AE14-E6797DA1B05F}.Release|Any CPU.ActiveCfg = Release|Any CPU
		{ABB9E684-5967-484A-AE14-E6797DA1B05F}.Release|Any CPU.Build.0 = Release|Any CPU
	EndGlobalSection
	GlobalSection(SolutionProperties) = preSolution
		HideSolutionNode = FALSE
	EndGlobalSection
	GlobalSection(ExtensibilityGlobals) = postSolution
		SolutionGuid = {22B23D44-321E-4A5D-A705-E46E91A6CD1C}
	EndGlobalSection
EndGlobal
